// !$*UTF8*$!
{
	archiveVersion = 1;
	classes = {
	};
	objectVersion = 56;
	objects = {

/* Begin PBXBuildFile section */
		885580EC29B9DBB000EAE881 /* GridApp.swift in Sources */ = {isa = PBXBuildFile; fileRef = 885580EB29B9DBB000EAE881 /* GridApp.swift */; };
		885580EE29B9DBB000EAE881 /* ContentView.swift in Sources */ = {isa = PBXBuildFile; fileRef = 885580ED29B9DBB000EAE881 /* ContentView.swift */; };
		885580F029B9DBB200EAE881 /* Assets.xcassets in Resources */ = {isa = PBXBuildFile; fileRef = 885580EF29B9DBB200EAE881 /* Assets.xcassets */; };
		885580F329B9DBB200EAE881 /* Preview Assets.xcassets in Resources */ = {isa = PBXBuildFile; fileRef = 885580F229B9DBB200EAE881 /* Preview Assets.xcassets */; };
		885580FC29B9DC4A00EAE881 /* category.json in Resources */ = {isa = PBXBuildFile; fileRef = 885580FB29B9DC4A00EAE881 /* category.json */; };
		885580FF29B9E0E600EAE881 /* Constant.swift in Sources */ = {isa = PBXBuildFile; fileRef = 885580FE29B9E0E600EAE881 /* Constant.swift */; };
		8855810229B9E11F00EAE881 /* CodableBundleExtension.swift in Sources */ = {isa = PBXBuildFile; fileRef = 8855810129B9E11F00EAE881 /* CodableBundleExtension.swift */; };
		8855810529B9E1E400EAE881 /* CategoryModel.swift in Sources */ = {isa = PBXBuildFile; fileRef = 8855810429B9E1E400EAE881 /* CategoryModel.swift */; };
		8855810829B9E59E00EAE881 /* CategoryItemView.swift in Sources */ = {isa = PBXBuildFile; fileRef = 8855810729B9E59E00EAE881 /* CategoryItemView.swift */; };
		8855810A29BA0CA300EAE881 /* CategoryGridView.swift in Sources */ = {isa = PBXBuildFile; fileRef = 8855810929BA0CA300EAE881 /* CategoryGridView.swift */; };
		8855810C29BA113600EAE881 /* SectionView.swift in Sources */ = {isa = PBXBuildFile; fileRef = 8855810B29BA113600EAE881 /* SectionView.swift */; };
/* End PBXBuildFile section */

/* Begin PBXFileReference section */
		885580E829B9DBB000EAE881 /* Grid.app */ = {isa = PBXFileReference; explicitFileType = wrapper.application; includeInIndex = 0; path = Grid.app; sourceTree = BUILT_PRODUCTS_DIR; };
		885580EB29B9DBB000EAE881 /* GridApp.swift */ = {isa = PBXFileReference; lastKnownFileType = sourcecode.swift; path = GridApp.swift; sourceTree = "<group>"; };
		885580ED29B9DBB000EAE881 /* ContentView.swift */ = {isa = PBXFileReference; lastKnownFileType = sourcecode.swift; path = ContentView.swift; sourceTree = "<group>"; };
		885580EF29B9DBB200EAE881 /* Assets.xcassets */ = {isa = PBXFileReference; lastKnownFileType = folder.assetcatalog; path = Assets.xcassets; sourceTree = "<group>"; };
		885580F229B9DBB200EAE881 /* Preview Assets.xcassets */ = {isa = PBXFileReference; lastKnownFileType = folder.assetcatalog; path = "Preview Assets.xcassets"; sourceTree = "<group>"; };
		885580FB29B9DC4A00EAE881 /* category.json */ = {isa = PBXFileReference; lastKnownFileType = text.json; path = category.json; sourceTree = "<group>"; };
		885580FE29B9E0E600EAE881 /* Constant.swift */ = {isa = PBXFileReference; lastKnownFileType = sourcecode.swift; path = Constant.swift; sourceTree = "<group>"; };
		8855810129B9E11F00EAE881 /* CodableBundleExtension.swift */ = {isa = PBXFileReference; lastKnownFileType = sourcecode.swift; path = CodableBundleExtension.swift; sourceTree = "<group>"; };
		8855810429B9E1E400EAE881 /* CategoryModel.swift */ = {isa = PBXFileReference; lastKnownFileType = sourcecode.swift; path = CategoryModel.swift; sourceTree = "<group>"; };
		8855810729B9E59E00EAE881 /* CategoryItemView.swift */ = {isa = PBXFileReference; lastKnownFileType = sourcecode.swift; path = CategoryItemView.swift; sourceTree = "<group>"; };
		8855810929BA0CA300EAE881 /* CategoryGridView.swift */ = {isa = PBXFileReference; lastKnownFileType = sourcecode.swift; path = CategoryGridView.swift; sourceTree = "<group>"; };
		8855810B29BA113600EAE881 /* SectionView.swift */ = {isa = PBXFileReference; lastKnownFileType = sourcecode.swift; path = SectionView.swift; sourceTree = "<group>"; };
/* End PBXFileReference section */

/* Begin PBXFrameworksBuildPhase section */
		885580E529B9DBB000EAE881 /* Frameworks */ = {
			isa = PBXFrameworksBuildPhase;
			buildActionMask = 2147483647;
			files = (
			);
			runOnlyForDeploymentPostprocessing = 0;
		};
/* End PBXFrameworksBuildPhase section */

/* Begin PBXGroup section */
		885580DF29B9DBB000EAE881 = {
			isa = PBXGroup;
			children = (
				885580EA29B9DBB000EAE881 /* Grid */,
				885580E929B9DBB000EAE881 /* Products */,
			);
			sourceTree = "<group>";
		};
		885580E929B9DBB000EAE881 /* Products */ = {
			isa = PBXGroup;
			children = (
				885580E829B9DBB000EAE881 /* Grid.app */,
			);
			name = Products;
			sourceTree = "<group>";
		};
		885580EA29B9DBB000EAE881 /* Grid */ = {
			isa = PBXGroup;
			children = (
				885580F929B9DBD700EAE881 /* App */,
				8855810629B9E57F00EAE881 /* View */,
				885580FA29B9DC1D00EAE881 /* Data */,
				8855810029B9E10D00EAE881 /* Extension */,
				8855810329B9E1C900EAE881 /* Model */,
				885580FD29B9E0D400EAE881 /* Utility */,
				885580EF29B9DBB200EAE881 /* Assets.xcassets */,
				885580F129B9DBB200EAE881 /* Preview Content */,
			);
			path = Grid;
			sourceTree = "<group>";
		};
		885580F129B9DBB200EAE881 /* Preview Content */ = {
			isa = PBXGroup;
			children = (
				885580F229B9DBB200EAE881 /* Preview Assets.xcassets */,
			);
			path = "Preview Content";
			sourceTree = "<group>";
		};
		885580F929B9DBD700EAE881 /* App */ = {
			isa = PBXGroup;
			children = (
				885580EB29B9DBB000EAE881 /* GridApp.swift */,
				885580ED29B9DBB000EAE881 /* ContentView.swift */,
			);
			path = App;
			sourceTree = "<group>";
		};
		885580FA29B9DC1D00EAE881 /* Data */ = {
			isa = PBXGroup;
			children = (
				885580FB29B9DC4A00EAE881 /* category.json */,
			);
			path = Data;
			sourceTree = "<group>";
		};
		885580FD29B9E0D400EAE881 /* Utility */ = {
			isa = PBXGroup;
			children = (
				885580FE29B9E0E600EAE881 /* Constant.swift */,
			);
			path = Utility;
			sourceTree = "<group>";
		};
		8855810029B9E10D00EAE881 /* Extension */ = {
			isa = PBXGroup;
			children = (
				8855810129B9E11F00EAE881 /* CodableBundleExtension.swift */,
			);
			path = Extension;
			sourceTree = "<group>";
		};
		8855810329B9E1C900EAE881 /* Model */ = {
			isa = PBXGroup;
			children = (
				8855810429B9E1E400EAE881 /* CategoryModel.swift */,
			);
			path = Model;
			sourceTree = "<group>";
		};
		8855810629B9E57F00EAE881 /* View */ = {
			isa = PBXGroup;
			children = (
				8855810729B9E59E00EAE881 /* CategoryItemView.swift */,
				8855810929BA0CA300EAE881 /* CategoryGridView.swift */,
				8855810B29BA113600EAE881 /* SectionView.swift */,
			);
			path = View;
			sourceTree = "<group>";
		};
/* End PBXGroup section */

/* Begin PBXNativeTarget section */
		885580E729B9DBB000EAE881 /* Grid */ = {
			isa = PBXNativeTarget;
			buildConfigurationList = 885580F629B9DBB200EAE881 /* Build configuration list for PBXNativeTarget "Grid" */;
			buildPhases = (
				885580E429B9DBB000EAE881 /* Sources */,
				885580E529B9DBB000EAE881 /* Frameworks */,
				885580E629B9DBB000EAE881 /* Resources */,
			);
			buildRules = (
			);
			dependencies = (
			);
			name = Grid;
			productName = Grid;
			productReference = 885580E829B9DBB000EAE881 /* Grid.app */;
			productType = "com.apple.product-type.application";
		};
/* End PBXNativeTarget section */

/* Begin PBXProject section */
		885580E029B9DBB000EAE881 /* Project object */ = {
			isa = PBXProject;
			attributes = {
				BuildIndependentTargetsInParallel = 1;
				LastSwiftUpdateCheck = 1420;
				LastUpgradeCheck = 1420;
				TargetAttributes = {
					885580E729B9DBB000EAE881 = {
						CreatedOnToolsVersion = 14.2;
					};
				};
			};
			buildConfigurationList = 885580E329B9DBB000EAE881 /* Build configuration list for PBXProject "Grid" */;
			compatibilityVersion = "Xcode 14.0";
			developmentRegion = en;
			hasScannedForEncodings = 0;
			knownRegions = (
				en,
				Base,
			);
			mainGroup = 885580DF29B9DBB000EAE881;
			productRefGroup = 885580E929B9DBB000EAE881 /* Products */;
			projectDirPath = "";
			projectRoot = "";
			targets = (
				885580E729B9DBB000EAE881 /* Grid */,
			);
		};
/* End PBXProject section */

/* Begin PBXResourcesBuildPhase section */
		885580E629B9DBB000EAE881 /* Resources */ = {
			isa = PBXResourcesBuildPhase;
			buildActionMask = 2147483647;
			files = (
				885580FC29B9DC4A00EAE881 /* category.json in Resources */,
				885580F329B9DBB200EAE881 /* Preview Assets.xcassets in Resources */,
				885580F029B9DBB200EAE881 /* Assets.xcassets in Resources */,
			);
			runOnlyForDeploymentPostprocessing = 0;
		};
/* End PBXResourcesBuildPhase section */

/* Begin PBXSourcesBuildPhase section */
		885580E429B9DBB000EAE881 /* Sources */ = {
			isa = PBXSourcesBuildPhase;
			buildActionMask = 2147483647;
			files = (
				8855810A29BA0CA300EAE881 /* CategoryGridView.swift in Sources */,
				8855810229B9E11F00EAE881 /* CodableBundleExtension.swift in Sources */,
				885580EE29B9DBB000EAE881 /* ContentView.swift in Sources */,
				885580EC29B9DBB000EAE881 /* GridApp.swift in Sources */,
				8855810C29BA113600EAE881 /* SectionView.swift in Sources */,
				8855810829B9E59E00EAE881 /* CategoryItemView.swift in Sources */,
				8855810529B9E1E400EAE881 /* CategoryModel.swift in Sources */,
				885580FF29B9E0E600EAE881 /* Constant.swift in Sources */,
			);
			runOnlyForDeploymentPostprocessing = 0;
		};
/* End PBXSourcesBuildPhase section */

/* Begin XCBuildConfiguration section */
		885580F429B9DBB200EAE881 /* Debug */ = {
			isa = XCBuildConfiguration;
			buildSettings = {
				ALWAYS_SEARCH_USER_PATHS = NO;
				CLANG_ANALYZER_NONNULL = YES;
				CLANG_ANALYZER_NUMBER_OBJECT_CONVERSION = YES_AGGRESSIVE;
				CLANG_CXX_LANGUAGE_STANDARD = "gnu++20";
				CLANG_ENABLE_MODULES = YES;
				CLANG_ENABLE_OBJC_ARC = YES;
				CLANG_ENABLE_OBJC_WEAK = YES;
				CLANG_WARN_BLOCK_CAPTURE_AUTORELEASING = YES;
				CLANG_WARN_BOOL_CONVERSION = YES;
				CLANG_WARN_COMMA = YES;
				CLANG_WARN_CONSTANT_CONVERSION = YES;
				CLANG_WARN_DEPRECATED_OBJC_IMPLEMENTATIONS = YES;
				CLANG_WARN_DIRECT_OBJC_ISA_USAGE = YES_ERROR;
				CLANG_WARN_DOCUMENTATION_COMMENTS = YES;
				CLANG_WARN_EMPTY_BODY = YES;
				CLANG_WARN_ENUM_CONVERSION = YES;
				CLANG_WARN_INFINITE_RECURSION = YES;
				CLANG_WARN_INT_CONVERSION = YES;
				CLANG_WARN_NON_LITERAL_NULL_CONVERSION = YES;
				CLANG_WARN_OBJC_IMPLICIT_RETAIN_SELF = YES;
				CLANG_WARN_OBJC_LITERAL_CONVERSION = YES;
				CLANG_WARN_OBJC_ROOT_CLASS = YES_ERROR;
				CLANG_WARN_QUOTED_INCLUDE_IN_FRAMEWORK_HEADER = YES;
				CLANG_WARN_RANGE_LOOP_ANALYSIS = YES;
				CLANG_WARN_STRICT_PROTOTYPES = YES;
				CLANG_WARN_SUSPICIOUS_MOVE = YES;
				CLANG_WARN_UNGUARDED_AVAILABILITY = YES_AGGRESSIVE;
				CLANG_WARN_UNREACHABLE_CODE = YES;
				CLANG_WARN__DUPLICATE_METHOD_MATCH = YES;
				COPY_PHASE_STRIP = NO;
				DEBUG_INFORMATION_FORMAT = dwarf;
				ENABLE_STRICT_OBJC_MSGSEND = YES;
				ENABLE_TESTABILITY = YES;
				GCC_C_LANGUAGE_STANDARD = gnu11;
				GCC_DYNAMIC_NO_PIC = NO;
				GCC_NO_COMMON_BLOCKS = YES;
				GCC_OPTIMIZATION_LEVEL = 0;
				GCC_PREPROCESSOR_DEFINITIONS = (
					"DEBUG=1",
					"$(inherited)",
				);
				GCC_WARN_64_TO_32_BIT_CONVERSION = YES;
				GCC_WARN_ABOUT_RETURN_TYPE = YES_ERROR;
				GCC_WARN_UNDECLARED_SELECTOR = YES;
				GCC_WARN_UNINITIALIZED_AUTOS = YES_AGGRESSIVE;
				GCC_WARN_UNUSED_FUNCTION = YES;
				GCC_WARN_UNUSED_VARIABLE = YES;
				IPHONEOS_DEPLOYMENT_TARGET = 16.2;
				MTL_ENABLE_DEBUG_INFO = INCLUDE_SOURCE;
				MTL_FAST_MATH = YES;
				ONLY_ACTIVE_ARCH = YES;
				SDKROOT = iphoneos;
				SWIFT_ACTIVE_COMPILATION_CONDITIONS = DEBUG;
				SWIFT_OPTIMIZATION_LEVEL = "-Onone";
			};
			name = Debug;
		};
		885580F529B9DBB200EAE881 /* Release */ = {
			isa = XCBuildConfiguration;
			buildSettings = {
				ALWAYS_SEARCH_USER_PATHS = NO;
				CLANG_ANALYZER_NONNULL = YES;
				CLANG_ANALYZER_NUMBER_OBJECT_CONVERSION = YES_AGGRESSIVE;
				CLANG_CXX_LANGUAGE_STANDARD = "gnu++20";
				CLANG_ENABLE_MODULES = YES;
				CLANG_ENABLE_OBJC_ARC = YES;
				CLANG_ENABLE_OBJC_WEAK = YES;
				CLANG_WARN_BLOCK_CAPTURE_AUTORELEASING = YES;
				CLANG_WARN_BOOL_CONVERSION = YES;
				CLANG_WARN_COMMA = YES;
				CLANG_WARN_CONSTANT_CONVERSION = YES;
				CLANG_WARN_DEPRECATED_OBJC_IMPLEMENTATIONS = YES;
				CLANG_WARN_DIRECT_OBJC_ISA_USAGE = YES_ERROR;
				CLANG_WARN_DOCUMENTATION_COMMENTS = YES;
				CLANG_WARN_EMPTY_BODY = YES;
				CLANG_WARN_ENUM_CONVERSION = YES;
				CLANG_WARN_INFINITE_RECURSION = YES;
				CLANG_WARN_INT_CONVERSION = YES;
				CLANG_WARN_NON_LITERAL_NULL_CONVERSION = YES;
				CLANG_WARN_OBJC_IMPLICIT_RETAIN_SELF = YES;
				CLANG_WARN_OBJC_LITERAL_CONVERSION = YES;
				CLANG_WARN_OBJC_ROOT_CLASS = YES_ERROR;
				CLANG_WARN_QUOTED_INCLUDE_IN_FRAMEWORK_HEADER = YES;
				CLANG_WARN_RANGE_LOOP_ANALYSIS = YES;
				CLANG_WARN_STRICT_PROTOTYPES = YES;
				CLANG_WARN_SUSPICIOUS_MOVE = YES;
				CLANG_WARN_UNGUARDED_AVAILABILITY = YES_AGGRESSIVE;
				CLANG_WARN_UNREACHABLE_CODE = YES;
				CLANG_WARN__DUPLICATE_METHOD_MATCH = YES;
				COPY_PHASE_STRIP = NO;
				DEBUG_INFORMATION_FORMAT = "dwarf-with-dsym";
				ENABLE_NS_ASSERTIONS = NO;
				ENABLE_STRICT_OBJC_MSGSEND = YES;
				GCC_C_LANGUAGE_STANDARD = gnu11;
				GCC_NO_COMMON_BLOCKS = YES;
				GCC_WARN_64_TO_32_BIT_CONVERSION = YES;
				GCC_WARN_ABOUT_RETURN_TYPE = YES_ERROR;
				GCC_WARN_UNDECLARED_SELECTOR = YES;
				GCC_WARN_UNINITIALIZED_AUTOS = YES_AGGRESSIVE;
				GCC_WARN_UNUSED_FUNCTION = YES;
				GCC_WARN_UNUSED_VARIABLE = YES;
				IPHONEOS_DEPLOYMENT_TARGET = 16.2;
				MTL_ENABLE_DEBUG_INFO = NO;
				MTL_FAST_MATH = YES;
				SDKROOT = iphoneos;
				SWIFT_COMPILATION_MODE = wholemodule;
				SWIFT_OPTIMIZATION_LEVEL = "-O";
				VALIDATE_PRODUCT = YES;
			};
			name = Release;
		};
		885580F729B9DBB200EAE881 /* Debug */ = {
			isa = XCBuildConfiguration;
			buildSettings = {
				ASSETCATALOG_COMPILER_APPICON_NAME = AppIcon;
				ASSETCATALOG_COMPILER_GLOBAL_ACCENT_COLOR_NAME = AccentColor;
				CODE_SIGN_STYLE = Automatic;
				CURRENT_PROJECT_VERSION = 1;
				DEVELOPMENT_ASSET_PATHS = "\"Grid/Preview Content\"";
				DEVELOPMENT_TEAM = HJA5Y4JYLR;
				ENABLE_PREVIEWS = YES;
				GENERATE_INFOPLIST_FILE = YES;
				INFOPLIST_KEY_UIApplicationSceneManifest_Generation = YES;
				INFOPLIST_KEY_UIApplicationSupportsIndirectInputEvents = YES;
				INFOPLIST_KEY_UILaunchScreen_Generation = YES;
				INFOPLIST_KEY_UISupportedInterfaceOrientations = UIInterfaceOrientationPortrait;
				INFOPLIST_KEY_UISupportedInterfaceOrientations_iPad = "UIInterfaceOrientationLandscapeLeft UIInterfaceOrientationLandscapeRight UIInterfaceOrientationPortrait UIInterfaceOrientationPortraitUpsideDown";
				INFOPLIST_KEY_UIUserInterfaceStyle = Light;
				LD_RUNPATH_SEARCH_PATHS = (
					"$(inherited)",
					"@executable_path/Frameworks",
				);
				MARKETING_VERSION = 1.0;
				PRODUCT_BUNDLE_IDENTIFIER = Fubon.Grid;
				PRODUCT_NAME = "$(TARGET_NAME)";
				SUPPORTED_PLATFORMS = "iphoneos iphonesimulator";
				SUPPORTS_MACCATALYST = NO;
				SUPPORTS_MAC_DESIGNED_FOR_IPHONE_IPAD = YES;
				SWIFT_EMIT_LOC_STRINGS = YES;
				SWIFT_VERSION = 5.0;
				TARGETED_DEVICE_FAMILY = 1;
			};
			name = Debug;
		};
		885580F829B9DBB200EAE881 /* Release */ = {
			isa = XCBuildConfiguration;
			buildSettings = {
				ASSETCATALOG_COMPILER_APPICON_NAME = AppIcon;
				ASSETCATALOG_COMPILER_GLOBAL_ACCENT_COLOR_NAME = AccentColor;
				CODE_SIGN_STYLE = Automatic;
				CURRENT_PROJECT_VERSION = 1;
				DEVELOPMENT_ASSET_PATHS = "\"Grid/Preview Content\"";
				DEVELOPMENT_TEAM = HJA5Y4JYLR;
				ENABLE_PREVIEWS = YES;
				GENERATE_INFOPLIST_FILE = YES;
				INFOPLIST_KEY_UIApplicationSceneManifest_Generation = YES;
				INFOPLIST_KEY_UIApplicationSupportsIndirectInputEvents = YES;
				INFOPLIST_KEY_UILaunchScreen_Generation = YES;
				INFOPLIST_KEY_UISupportedInterfaceOrientations = UIInterfaceOrientationPortrait;
				INFOPLIST_KEY_UISupportedInterfaceOrientations_iPad = "UIInterfaceOrientationLandscapeLeft UIInterfaceOrientationLandscapeRight UIInterfaceOrientationPortrait UIInterfaceOrientationPortraitUpsideDown";
				INFOPLIST_KEY_UIUserInterfaceStyle = Light;
				LD_RUNPATH_SEARCH_PATHS = (
					"$(inherited)",
					"@executable_path/Frameworks",
				);
				MARKETING_VERSION = 1.0;
				PRODUCT_BUNDLE_IDENTIFIER = Fubon.Grid;
				PRODUCT_NAME = "$(TARGET_NAME)";
				SUPPORTED_PLATFORMS = "iphoneos iphonesimulator";
				SUPPORTS_MACCATALYST = NO;
				SUPPORTS_MAC_DESIGNED_FOR_IPHONE_IPAD = YES;
				SWIFT_EMIT_LOC_STRINGS = YES;
				SWIFT_VERSION = 5.0;
				TARGETED_DEVICE_FAMILY = 1;
			};
			name = Release;
		};
/* End XCBuildConfiguration section */

/* Begin XCConfigurationList section */
		885580E329B9DBB000EAE881 /* Build configuration list for PBXProject "Grid" */ = {
			isa = XCConfigurationList;
			buildConfigurations = (
				885580F429B9DBB200EAE881 /* Debug */,
				885580F529B9DBB200EAE881 /* Release */,
			);
			defaultConfigurationIsVisible = 0;
			defaultConfigurationName = Release;
		};
		885580F629B9DBB200EAE881 /* Build configuration list for PBXNativeTarget "Grid" */ = {
			isa = XCConfigurationList;
			buildConfigurations = (
				885580F729B9DBB200EAE881 /* Debug */,
				885580F829B9DBB200EAE881 /* Release */,
			);
			defaultConfigurationIsVisible = 0;
			defaultConfigurationName = Release;
		};
/* End XCConfigurationList section */
	};
	rootObject = 885580E029B9DBB000EAE881 /* Project object */;
}
