// !$*UTF8*$!
{
	archiveVersion = 1;
	classes = {
	};
	objectVersion = 56;
	objects = {

/* Begin PBXBuildFile section */
		883F147C29BA479300851ACE /* product.json in Resources */ = {isa = PBXBuildFile; fileRef = 883F147B29BA479300851ACE /* product.json */; };
		883F147E29BA483300851ACE /* CodableBundleExtension.swift in Sources */ = {isa = PBXBuildFile; fileRef = 883F147D29BA483300851ACE /* CodableBundleExtension.swift */; };
		8865C04D29BA2934004E6F52 /* CardGridApp.swift in Sources */ = {isa = PBXBuildFile; fileRef = 8865C04C29BA2934004E6F52 /* CardGridApp.swift */; };
		8865C04F29BA2934004E6F52 /* ContentView.swift in Sources */ = {isa = PBXBuildFile; fileRef = 8865C04E29BA2934004E6F52 /* ContentView.swift */; };
		8865C05129BA2936004E6F52 /* Assets.xcassets in Resources */ = {isa = PBXBuildFile; fileRef = 8865C05029BA2936004E6F52 /* Assets.xcassets */; };
		8865C05429BA2936004E6F52 /* Preview Assets.xcassets in Resources */ = {isa = PBXBuildFile; fileRef = 8865C05329BA2936004E6F52 /* Preview Assets.xcassets */; };
		8865C06229BA2A32004E6F52 /* TitleView.swift in Sources */ = {isa = PBXBuildFile; fileRef = 8865C06129BA2A32004E6F52 /* TitleView.swift */; };
		8865C06429BA3F48004E6F52 /* Constant.swift in Sources */ = {isa = PBXBuildFile; fileRef = 8865C06329BA3F48004E6F52 /* Constant.swift */; };
		8865C06A29BA4028004E6F52 /* ProductModel.swift in Sources */ = {isa = PBXBuildFile; fileRef = 8865C06929BA4028004E6F52 /* ProductModel.swift */; };
		8865C06C29BA431C004E6F52 /* ProductItemView.swift in Sources */ = {isa = PBXBuildFile; fileRef = 8865C06B29BA431C004E6F52 /* ProductItemView.swift */; };
/* End PBXBuildFile section */

/* Begin PBXFileReference section */
		883F147B29BA479300851ACE /* product.json */ = {isa = PBXFileReference; lastKnownFileType = text.json; path = product.json; sourceTree = "<group>"; };
		883F147D29BA483300851ACE /* CodableBundleExtension.swift */ = {isa = PBXFileReference; lastKnownFileType = sourcecode.swift; path = CodableBundleExtension.swift; sourceTree = "<group>"; };
		8865C04929BA2934004E6F52 /* CardGrid.app */ = {isa = PBXFileReference; explicitFileType = wrapper.application; includeInIndex = 0; path = CardGrid.app; sourceTree = BUILT_PRODUCTS_DIR; };
		8865C04C29BA2934004E6F52 /* CardGridApp.swift */ = {isa = PBXFileReference; lastKnownFileType = sourcecode.swift; path = CardGridApp.swift; sourceTree = "<group>"; };
		8865C04E29BA2934004E6F52 /* ContentView.swift */ = {isa = PBXFileReference; lastKnownFileType = sourcecode.swift; path = ContentView.swift; sourceTree = "<group>"; };
		8865C05029BA2936004E6F52 /* Assets.xcassets */ = {isa = PBXFileReference; lastKnownFileType = folder.assetcatalog; path = Assets.xcassets; sourceTree = "<group>"; };
		8865C05329BA2936004E6F52 /* Preview Assets.xcassets */ = {isa = PBXFileReference; lastKnownFileType = folder.assetcatalog; path = "Preview Assets.xcassets"; sourceTree = "<group>"; };
		8865C06129BA2A32004E6F52 /* TitleView.swift */ = {isa = PBXFileReference; lastKnownFileType = sourcecode.swift; path = TitleView.swift; sourceTree = "<group>"; };
		8865C06329BA3F48004E6F52 /* Constant.swift */ = {isa = PBXFileReference; lastKnownFileType = sourcecode.swift; path = Constant.swift; sourceTree = "<group>"; };
		8865C06929BA4028004E6F52 /* ProductModel.swift */ = {isa = PBXFileReference; lastKnownFileType = sourcecode.swift; path = ProductModel.swift; sourceTree = "<group>"; };
		8865C06B29BA431C004E6F52 /* ProductItemView.swift */ = {isa = PBXFileReference; lastKnownFileType = sourcecode.swift; path = ProductItemView.swift; sourceTree = "<group>"; };
/* End PBXFileReference section */

/* Begin PBXFrameworksBuildPhase section */
		8865C04629BA2934004E6F52 /* Frameworks */ = {
			isa = PBXFrameworksBuildPhase;
			buildActionMask = 2147483647;
			files = (
			);
			runOnlyForDeploymentPostprocessing = 0;
		};
/* End PBXFrameworksBuildPhase section */

/* Begin PBXGroup section */
		8865C04029BA2934004E6F52 = {
			isa = PBXGroup;
			children = (
				8865C04B29BA2934004E6F52 /* CardGrid */,
				8865C04A29BA2934004E6F52 /* Products */,
			);
			sourceTree = "<group>";
		};
		8865C04A29BA2934004E6F52 /* Products */ = {
			isa = PBXGroup;
			children = (
				8865C04929BA2934004E6F52 /* CardGrid.app */,
			);
			name = Products;
			sourceTree = "<group>";
		};
		8865C04B29BA2934004E6F52 /* CardGrid */ = {
			isa = PBXGroup;
			children = (
				8865C05B29BA297A004E6F52 /* App */,
				8865C05C29BA29C4004E6F52 /* View */,
				8865C05D29BA29CC004E6F52 /* Data */,
				8865C05E29BA29D4004E6F52 /* Model */,
				8865C05F29BA29E2004E6F52 /* Extension */,
				8865C06029BA29E9004E6F52 /* Utility */,
				8865C05029BA2936004E6F52 /* Assets.xcassets */,
				8865C05229BA2936004E6F52 /* Preview Content */,
			);
			path = CardGrid;
			sourceTree = "<group>";
		};
		8865C05229BA2936004E6F52 /* Preview Content */ = {
			isa = PBXGroup;
			children = (
				8865C05329BA2936004E6F52 /* Preview Assets.xcassets */,
			);
			path = "Preview Content";
			sourceTree = "<group>";
		};
		8865C05B29BA297A004E6F52 /* App */ = {
			isa = PBXGroup;
			children = (
				8865C04C29BA2934004E6F52 /* CardGridApp.swift */,
				8865C04E29BA2934004E6F52 /* ContentView.swift */,
			);
			path = App;
			sourceTree = "<group>";
		};
		8865C05C29BA29C4004E6F52 /* View */ = {
			isa = PBXGroup;
			children = (
				8865C06129BA2A32004E6F52 /* TitleView.swift */,
				8865C06B29BA431C004E6F52 /* ProductItemView.swift */,
			);
			path = View;
			sourceTree = "<group>";
		};
		8865C05D29BA29CC004E6F52 /* Data */ = {
			isa = PBXGroup;
			children = (
				883F147B29BA479300851ACE /* product.json */,
			);
			path = Data;
			sourceTree = "<group>";
		};
		8865C05E29BA29D4004E6F52 /* Model */ = {
			isa = PBXGroup;
			children = (
				8865C06929BA4028004E6F52 /* ProductModel.swift */,
			);
			path = Model;
			sourceTree = "<group>";
		};
		8865C05F29BA29E2004E6F52 /* Extension */ = {
			isa = PBXGroup;
			children = (
				883F147D29BA483300851ACE /* CodableBundleExtension.swift */,
			);
			path = Extension;
			sourceTree = "<group>";
		};
		8865C06029BA29E9004E6F52 /* Utility */ = {
			isa = PBXGroup;
			children = (
				8865C06329BA3F48004E6F52 /* Constant.swift */,
			);
			path = Utility;
			sourceTree = "<group>";
		};
/* End PBXGroup section */

/* Begin PBXNativeTarget section */
		8865C04829BA2934004E6F52 /* CardGrid */ = {
			isa = PBXNativeTarget;
			buildConfigurationList = 8865C05729BA2936004E6F52 /* Build configuration list for PBXNativeTarget "CardGrid" */;
			buildPhases = (
				8865C04529BA2934004E6F52 /* Sources */,
				8865C04629BA2934004E6F52 /* Frameworks */,
				8865C04729BA2934004E6F52 /* Resources */,
			);
			buildRules = (
			);
			dependencies = (
			);
			name = CardGrid;
			productName = CardGrid;
			productReference = 8865C04929BA2934004E6F52 /* CardGrid.app */;
			productType = "com.apple.product-type.application";
		};
/* End PBXNativeTarget section */

/* Begin PBXProject section */
		8865C04129BA2934004E6F52 /* Project object */ = {
			isa = PBXProject;
			attributes = {
				BuildIndependentTargetsInParallel = 1;
				LastSwiftUpdateCheck = 1420;
				LastUpgradeCheck = 1420;
				TargetAttributes = {
					8865C04829BA2934004E6F52 = {
						CreatedOnToolsVersion = 14.2;
					};
				};
			};
			buildConfigurationList = 8865C04429BA2934004E6F52 /* Build configuration list for PBXProject "CardGrid" */;
			compatibilityVersion = "Xcode 14.0";
			developmentRegion = en;
			hasScannedForEncodings = 0;
			knownRegions = (
				en,
				Base,
			);
			mainGroup = 8865C04029BA2934004E6F52;
			productRefGroup = 8865C04A29BA2934004E6F52 /* Products */;
			projectDirPath = "";
			projectRoot = "";
			targets = (
				8865C04829BA2934004E6F52 /* CardGrid */,
			);
		};
/* End PBXProject section */

/* Begin PBXResourcesBuildPhase section */
		8865C04729BA2934004E6F52 /* Resources */ = {
			isa = PBXResourcesBuildPhase;
			buildActionMask = 2147483647;
			files = (
				8865C05429BA2936004E6F52 /* Preview Assets.xcassets in Resources */,
				8865C05129BA2936004E6F52 /* Assets.xcassets in Resources */,
				883F147C29BA479300851ACE /* product.json in Resources */,
			);
			runOnlyForDeploymentPostprocessing = 0;
		};
/* End PBXResourcesBuildPhase section */

/* Begin PBXSourcesBuildPhase section */
		8865C04529BA2934004E6F52 /* Sources */ = {
			isa = PBXSourcesBuildPhase;
			buildActionMask = 2147483647;
			files = (
				8865C04F29BA2934004E6F52 /* ContentView.swift in Sources */,
				8865C04D29BA2934004E6F52 /* CardGridApp.swift in Sources */,
				8865C06229BA2A32004E6F52 /* TitleView.swift in Sources */,
				8865C06A29BA4028004E6F52 /* ProductModel.swift in Sources */,
				8865C06429BA3F48004E6F52 /* Constant.swift in Sources */,
				883F147E29BA483300851ACE /* CodableBundleExtension.swift in Sources */,
				8865C06C29BA431C004E6F52 /* ProductItemView.swift in Sources */,
			);
			runOnlyForDeploymentPostprocessing = 0;
		};
/* End PBXSourcesBuildPhase section */

/* Begin XCBuildConfiguration section */
		8865C05529BA2936004E6F52 /* Debug */ = {
			isa = XCBuildConfiguration;
			buildSettings = {
				ALWAYS_SEARCH_USER_PATHS = NO;
				CLANG_ANALYZER_NONNULL = YES;
				CLANG_ANALYZER_NUMBER_OBJECT_CONVERSION = YES_AGGRESSIVE;
				CLANG_CXX_LANGUAGE_STANDARD = "gnu++20";
				CLANG_ENABLE_MODULES = YES;
				CLANG_ENABLE_OBJC_ARC = YES;
				CLANG_ENABLE_OBJC_WEAK = YES;
				CLANG_WARN_BLOCK_CAPTURE_AUTORELEASING = YES;
				CLANG_WARN_BOOL_CONVERSION = YES;
				CLANG_WARN_COMMA = YES;
				CLANG_WARN_CONSTANT_CONVERSION = YES;
				CLANG_WARN_DEPRECATED_OBJC_IMPLEMENTATIONS = YES;
				CLANG_WARN_DIRECT_OBJC_ISA_USAGE = YES_ERROR;
				CLANG_WARN_DOCUMENTATION_COMMENTS = YES;
				CLANG_WARN_EMPTY_BODY = YES;
				CLANG_WARN_ENUM_CONVERSION = YES;
				CLANG_WARN_INFINITE_RECURSION = YES;
				CLANG_WARN_INT_CONVERSION = YES;
				CLANG_WARN_NON_LITERAL_NULL_CONVERSION = YES;
				CLANG_WARN_OBJC_IMPLICIT_RETAIN_SELF = YES;
				CLANG_WARN_OBJC_LITERAL_CONVERSION = YES;
				CLANG_WARN_OBJC_ROOT_CLASS = YES_ERROR;
				CLANG_WARN_QUOTED_INCLUDE_IN_FRAMEWORK_HEADER = YES;
				CLANG_WARN_RANGE_LOOP_ANALYSIS = YES;
				CLANG_WARN_STRICT_PROTOTYPES = YES;
				CLANG_WARN_SUSPICIOUS_MOVE = YES;
				CLANG_WARN_UNGUARDED_AVAILABILITY = YES_AGGRESSIVE;
				CLANG_WARN_UNREACHABLE_CODE = YES;
				CLANG_WARN__DUPLICATE_METHOD_MATCH = YES;
				COPY_PHASE_STRIP = NO;
				DEBUG_INFORMATION_FORMAT = dwarf;
				ENABLE_STRICT_OBJC_MSGSEND = YES;
				ENABLE_TESTABILITY = YES;
				GCC_C_LANGUAGE_STANDARD = gnu11;
				GCC_DYNAMIC_NO_PIC = NO;
				GCC_NO_COMMON_BLOCKS = YES;
				GCC_OPTIMIZATION_LEVEL = 0;
				GCC_PREPROCESSOR_DEFINITIONS = (
					"DEBUG=1",
					"$(inherited)",
				);
				GCC_WARN_64_TO_32_BIT_CONVERSION = YES;
				GCC_WARN_ABOUT_RETURN_TYPE = YES_ERROR;
				GCC_WARN_UNDECLARED_SELECTOR = YES;
				GCC_WARN_UNINITIALIZED_AUTOS = YES_AGGRESSIVE;
				GCC_WARN_UNUSED_FUNCTION = YES;
				GCC_WARN_UNUSED_VARIABLE = YES;
				IPHONEOS_DEPLOYMENT_TARGET = 16.2;
				MTL_ENABLE_DEBUG_INFO = INCLUDE_SOURCE;
				MTL_FAST_MATH = YES;
				ONLY_ACTIVE_ARCH = YES;
				SDKROOT = iphoneos;
				SWIFT_ACTIVE_COMPILATION_CONDITIONS = DEBUG;
				SWIFT_OPTIMIZATION_LEVEL = "-Onone";
			};
			name = Debug;
		};
		8865C05629BA2936004E6F52 /* Release */ = {
			isa = XCBuildConfiguration;
			buildSettings = {
				ALWAYS_SEARCH_USER_PATHS = NO;
				CLANG_ANALYZER_NONNULL = YES;
				CLANG_ANALYZER_NUMBER_OBJECT_CONVERSION = YES_AGGRESSIVE;
				CLANG_CXX_LANGUAGE_STANDARD = "gnu++20";
				CLANG_ENABLE_MODULES = YES;
				CLANG_ENABLE_OBJC_ARC = YES;
				CLANG_ENABLE_OBJC_WEAK = YES;
				CLANG_WARN_BLOCK_CAPTURE_AUTORELEASING = YES;
				CLANG_WARN_BOOL_CONVERSION = YES;
				CLANG_WARN_COMMA = YES;
				CLANG_WARN_CONSTANT_CONVERSION = YES;
				CLANG_WARN_DEPRECATED_OBJC_IMPLEMENTATIONS = YES;
				CLANG_WARN_DIRECT_OBJC_ISA_USAGE = YES_ERROR;
				CLANG_WARN_DOCUMENTATION_COMMENTS = YES;
				CLANG_WARN_EMPTY_BODY = YES;
				CLANG_WARN_ENUM_CONVERSION = YES;
				CLANG_WARN_INFINITE_RECURSION = YES;
				CLANG_WARN_INT_CONVERSION = YES;
				CLANG_WARN_NON_LITERAL_NULL_CONVERSION = YES;
				CLANG_WARN_OBJC_IMPLICIT_RETAIN_SELF = YES;
				CLANG_WARN_OBJC_LITERAL_CONVERSION = YES;
				CLANG_WARN_OBJC_ROOT_CLASS = YES_ERROR;
				CLANG_WARN_QUOTED_INCLUDE_IN_FRAMEWORK_HEADER = YES;
				CLANG_WARN_RANGE_LOOP_ANALYSIS = YES;
				CLANG_WARN_STRICT_PROTOTYPES = YES;
				CLANG_WARN_SUSPICIOUS_MOVE = YES;
				CLANG_WARN_UNGUARDED_AVAILABILITY = YES_AGGRESSIVE;
				CLANG_WARN_UNREACHABLE_CODE = YES;
				CLANG_WARN__DUPLICATE_METHOD_MATCH = YES;
				COPY_PHASE_STRIP = NO;
				DEBUG_INFORMATION_FORMAT = "dwarf-with-dsym";
				ENABLE_NS_ASSERTIONS = NO;
				ENABLE_STRICT_OBJC_MSGSEND = YES;
				GCC_C_LANGUAGE_STANDARD = gnu11;
				GCC_NO_COMMON_BLOCKS = YES;
				GCC_WARN_64_TO_32_BIT_CONVERSION = YES;
				GCC_WARN_ABOUT_RETURN_TYPE = YES_ERROR;
				GCC_WARN_UNDECLARED_SELECTOR = YES;
				GCC_WARN_UNINITIALIZED_AUTOS = YES_AGGRESSIVE;
				GCC_WARN_UNUSED_FUNCTION = YES;
				GCC_WARN_UNUSED_VARIABLE = YES;
				IPHONEOS_DEPLOYMENT_TARGET = 16.2;
				MTL_ENABLE_DEBUG_INFO = NO;
				MTL_FAST_MATH = YES;
				SDKROOT = iphoneos;
				SWIFT_COMPILATION_MODE = wholemodule;
				SWIFT_OPTIMIZATION_LEVEL = "-O";
				VALIDATE_PRODUCT = YES;
			};
			name = Release;
		};
		8865C05829BA2936004E6F52 /* Debug */ = {
			isa = XCBuildConfiguration;
			buildSettings = {
				ASSETCATALOG_COMPILER_APPICON_NAME = AppIcon;
				ASSETCATALOG_COMPILER_GLOBAL_ACCENT_COLOR_NAME = AccentColor;
				CODE_SIGN_STYLE = Automatic;
				CURRENT_PROJECT_VERSION = 1;
				DEVELOPMENT_ASSET_PATHS = "\"CardGrid/Preview Content\"";
				DEVELOPMENT_TEAM = HJA5Y4JYLR;
				ENABLE_PREVIEWS = YES;
				GENERATE_INFOPLIST_FILE = YES;
				INFOPLIST_FILE = CardGrid/Info.plist;
				INFOPLIST_KEY_UIApplicationSceneManifest_Generation = YES;
				INFOPLIST_KEY_UIApplicationSupportsIndirectInputEvents = YES;
				INFOPLIST_KEY_UILaunchScreen_Generation = YES;
				INFOPLIST_KEY_UISupportedInterfaceOrientations = UIInterfaceOrientationPortrait;
				INFOPLIST_KEY_UISupportedInterfaceOrientations_iPad = "UIInterfaceOrientationLandscapeLeft UIInterfaceOrientationLandscapeRight UIInterfaceOrientationPortrait UIInterfaceOrientationPortraitUpsideDown";
				INFOPLIST_KEY_UIUserInterfaceStyle = Light;
				LD_RUNPATH_SEARCH_PATHS = (
					"$(inherited)",
					"@executable_path/Frameworks",
				);
				MARKETING_VERSION = 1.0;
				PRODUCT_BUNDLE_IDENTIFIER = Fubon.CardGrid;
				PRODUCT_NAME = "$(TARGET_NAME)";
				SUPPORTED_PLATFORMS = "iphoneos iphonesimulator";
				SUPPORTS_MACCATALYST = NO;
				SUPPORTS_MAC_DESIGNED_FOR_IPHONE_IPAD = YES;
				SWIFT_EMIT_LOC_STRINGS = YES;
				SWIFT_VERSION = 5.0;
				TARGETED_DEVICE_FAMILY = 1;
			};
			name = Debug;
		};
		8865C05929BA2936004E6F52 /* Release */ = {
			isa = XCBuildConfiguration;
			buildSettings = {
				ASSETCATALOG_COMPILER_APPICON_NAME = AppIcon;
				ASSETCATALOG_COMPILER_GLOBAL_ACCENT_COLOR_NAME = AccentColor;
				CODE_SIGN_STYLE = Automatic;
				CURRENT_PROJECT_VERSION = 1;
				DEVELOPMENT_ASSET_PATHS = "\"CardGrid/Preview Content\"";
				DEVELOPMENT_TEAM = HJA5Y4JYLR;
				ENABLE_PREVIEWS = YES;
				GENERATE_INFOPLIST_FILE = YES;
				INFOPLIST_FILE = CardGrid/Info.plist;
				INFOPLIST_KEY_UIApplicationSceneManifest_Generation = YES;
				INFOPLIST_KEY_UIApplicationSupportsIndirectInputEvents = YES;
				INFOPLIST_KEY_UILaunchScreen_Generation = YES;
				INFOPLIST_KEY_UISupportedInterfaceOrientations = UIInterfaceOrientationPortrait;
				INFOPLIST_KEY_UISupportedInterfaceOrientations_iPad = "UIInterfaceOrientationLandscapeLeft UIInterfaceOrientationLandscapeRight UIInterfaceOrientationPortrait UIInterfaceOrientationPortraitUpsideDown";
				INFOPLIST_KEY_UIUserInterfaceStyle = Light;
				LD_RUNPATH_SEARCH_PATHS = (
					"$(inherited)",
					"@executable_path/Frameworks",
				);
				MARKETING_VERSION = 1.0;
				PRODUCT_BUNDLE_IDENTIFIER = Fubon.CardGrid;
				PRODUCT_NAME = "$(TARGET_NAME)";
				SUPPORTED_PLATFORMS = "iphoneos iphonesimulator";
				SUPPORTS_MACCATALYST = NO;
				SUPPORTS_MAC_DESIGNED_FOR_IPHONE_IPAD = YES;
				SWIFT_EMIT_LOC_STRINGS = YES;
				SWIFT_VERSION = 5.0;
				TARGETED_DEVICE_FAMILY = 1;
			};
			name = Release;
		};
/* End XCBuildConfiguration section */

/* Begin XCConfigurationList section */
		8865C04429BA2934004E6F52 /* Build configuration list for PBXProject "CardGrid" */ = {
			isa = XCConfigurationList;
			buildConfigurations = (
				8865C05529BA2936004E6F52 /* Debug */,
				8865C05629BA2936004E6F52 /* Release */,
			);
			defaultConfigurationIsVisible = 0;
			defaultConfigurationName = Release;
		};
		8865C05729BA2936004E6F52 /* Build configuration list for PBXNativeTarget "CardGrid" */ = {
			isa = XCConfigurationList;
			buildConfigurations = (
				8865C05829BA2936004E6F52 /* Debug */,
				8865C05929BA2936004E6F52 /* Release */,
			);
			defaultConfigurationIsVisible = 0;
			defaultConfigurationName = Release;
		};
/* End XCConfigurationList section */
	};
	rootObject = 8865C04129BA2934004E6F52 /* Project object */;
}
